# Exported from uv.lock without development dependencies.
# Environment markers resolved for Linux x86_64 / CPython 3.10.
abstract-singleton==1.0.1 \
    --hash=sha256:1f5e2359a609360bc08d975f578cce75a752df06db561efb679e69646199ec1d \
    --hash=sha256:d97d26ecbcb7422f78df1b0bca48a03df5ba04cf58844c6da033a7840beaae82
    # via auto-gpt-plugin-template
aiohttp==3.8.4 \
    --hash=sha256:147ae376f14b55f4f3c2b118b95be50a369b89b38a971e80a17c3fd623f280c9 \
    --hash=sha256:176a64b24c0935869d5bbc4c96e82f89f643bcdf08ec947701b9dbb3c956b7dd \
    --hash=sha256:1a45865451439eb320784918617ba54b7a377e3501fb70402ab84d38c2cd891b \
    --hash=sha256:5393fb786a9e23e4799fec788e7e735de18052f83682ce2dfcabaf1c00c2c08e \
    --hash=sha256:59f029a5f6e2d679296db7bee982bb3d20c088e52a2977e3175faf31d6fb75d1 \
    --hash=sha256:5ce45967538fb747370308d3145aa68a074bdecb4f3a300869590f725ced69c1 \
    --hash=sha256:a86d42d7cba1cec432d47ab13b6637bee393a10f664c425ea7b305d1301ca1a3 \
    --hash=sha256:adfbc22e87365a6e564c804c58fc44ff7727deea782d175c33602737b7feadb6 \
    --hash=sha256:b744c33b6f14ca26b7544e8d8aadff6b765a80ad6164fb1a430bbadd593dfb1a \
    --hash=sha256:bf2e1a9162c1e441bf805a1fd166e249d574ca04e03b34f97e2928769e91ab5c \
    --hash=sha256:c6cc15d58053c76eacac5fa9152d7d84b8d67b3fde92709195cb984cfb3475ea \
    --hash=sha256:c844fd628851c0bc309f3c801b3a3d58ce430b2ce5b359cd918a5a76d0b20cb5 \
    --hash=sha256:e4b09863aae0dc965c3ef36500d891a3ff495a2ea9ae9171e4519963c12ceefd \
    --hash=sha256:eafb3e874816ebe2a92f5e155f17260034c8c341dad1df25672fb710627c6949 \
    --hash=sha256:ee3c36df21b5714d49fc4580247947aa64bcbe2939d1b77b4c8dcb8f6c9faecc \
    --hash=sha256:fe7ba4a51f33ab275515f66b0a236bcde4fb5561498fe8f898d4e549b2e4509f
    # via dbgpt
aiosignal==1.4.0 \
    --hash=sha256:053243f8b92b990551949e63930a839ff0cf0b0ebbe0597b0f3fb19e1a0fe82e \
    --hash=sha256:f47eecd9468083c2029cc99945502cb7708b082c232f9aca65da147157b251c7
    # via aiohttp
annotated-types==0.8.0 \
    --hash=sha256:13b2beaad985e05e2d6407ee4c4f35590b11f8d693a258a561055cac8f64cab7 \
    --hash=sha256:f072f4d804ea359e4eaf198b1af7a8b0943881a87f31bb764f8bf219bb9419e0
    # via pydantic
anyio==4.15.1 \
    --hash=sha256:6152fdbbf9a77fdec97731721bebf7c4c44f7c29b424b0065826173efc7ed101 \
    --hash=sha256:9f28306018cbd6d329e64a36d58256edff76dd996fe423bc957326e578b82a94
    # via
    #   httpx
    #   mcp
    #   sse-starlette
    #   starlette
apscheduler==3.11.3 \
    --hash=sha256:bbeb2ec02d23d3c06a6c07ed7f0f3939ada6680eb121fae809a69bb42c537a30 \
    --hash=sha256:cd2fcc9330039a81a5893472ad49facf23a6d5604cbe1d918c835c6de7834d5a
    # via dbgpt
async-timeout==4.0.3 \
    --hash=sha256:4640d96be84d82d02ed59ea2b7105a0f7b33abe8703703cd0ab0bf87c427522f \
    --hash=sha256:7405140ff1230c310e51dc27b3145b9092d659ce68ff733fb0cefe3ee42be028
    # via aiohttp
attrs==26.1.0 \
    --hash=sha256:c647aa4a12dfbad9333ca4e71fe62ddc36f4e63b2d260a37a8b83d2f043ac309 \
    --hash=sha256:d03ceb89cb322a8fd706d4fb91940737b6642aa36998fe130a9bc96c985eff32
    # via
    #   aiohttp
    #   jsonschema
    #   referencing
auto-gpt-plugin-template==0.0.3 \
    --hash=sha256:3f51110f78db490a89a5142fcdf44176ef088125a418f507b100e813ea5afd06 \
    --hash=sha256:9200b02346d52f09d8fa68a59fb4182b4a52f0a3314406f23c51596b350eba05
    # via dbgpt
cachetools==7.2.1 \
    --hash=sha256:63aa53dfe7473c10cccdd5a01dedf76ef2c4b73a58840d9396e7d0752cbdac3b \
    --hash=sha256:b1a7537025c06abf96fcc1443e496af9a3fb95e774e70e1f0af226f73f7f2dcc
    # via dbgpt
certifi==2026.7.22 \
    --hash=sha256:62f22742b58a1a33014a2b6b706588a8d7e2a88ae7bd1a6ebe8c992928483775 \
    --hash=sha256:741e2c3b351ddf169a738da9f2c048608ff7f2c5cc02f1ebc6b118bb090d5d55
    # via
    #   httpcore
    #   httpx
    #   requests
chardet==5.1.0 \
    --hash=sha256:0d62712b956bc154f85fb0a266e2a3c5913c2967e00348701b32411d6def31e5 \
    --hash=sha256:362777fb014af596ad31334fde1e8c327dfdb076e1960d1694662d46a6917ab9
    # via dbgpt
charset-normalizer==3.5.2 \
    --hash=sha256:01077390b03f7988f11d700a2194e69b119741a86b1a638b1db88891e3eced8e \
    --hash=sha256:01b0c0d2262a9e28e8484a278c7e1b5d650e3ac8cf2683d2967e25899f208bdf \
    --hash=sha256:0774bf9bf620249fee3e0b8b9fd3065de213be30f3aa94ce2494b3b638949e26 \
    --hash=sha256:0fed1d06615f022ee3b13caf5e8b180cfea32bb2c5aded8a9d44277afc040f93 \
    --hash=sha256:1461ac396c4fdb983a675f20aa555624f0ee18ac83d832b9244ffff3d8055275 \
    --hash=sha256:195c26fb65950f8fce54e26349852b7bdd7c5f120aeefbcc440b8a20faaed4a3 \
    --hash=sha256:1c50fe28bbc2ced33386f298650d91218076c05420e6cbd790b913adc41659e7 \
    --hash=sha256:1db38f4c5496827c1a501846d64d14c3b80c7e6714e406cd7dc36a9899fa1011 \
    --hash=sha256:28a15fdad492a99b6eccfaaed66ef3f74050680545ea61ec8b2f4c538f1f1320 \
    --hash=sha256:2ce45c6627b22c47e390bc91a41c3d13032192e699fa0bea96e9671b373d69b0 \
    --hash=sha256:304d8e4d493af723536393eee0c689eb7813f4a474c8b479dee63f1fdd98f621 \
    --hash=sha256:30fcd120b732aa79317f08dee04d7de0847822e4cf7ee0e9f445bb958832252c \
    --hash=sha256:39de2a259fc954455c57274dc94c79d5842774e1247a016aff30bc0efed0f4ef \
    --hash=sha256:3d14b50de6bf4d0edf857a9386836846f982b8f524e188e2e68b96d702bcf4aa \
    --hash=sha256:40ab6bffa02ae10a0581e6c198be7d2d8ca5c2a0c64e4ed3465d766df457573e \
    --hash=sha256:4275811936e2f06feff5e598fb42a1b7ae852da8e39605211892b56b81a34efd \
    --hash=sha256:447441e76ec720b15e64418d32e092297340387053047c7c694f579efb0ee1d9 \
    --hash=sha256:44bd4fbb29dfbeba60e7d2bd000c59e4b21ddb3cc53912b14048d37092706d7c \
    --hash=sha256:50e3adfb96fc189eb27b1cf62d3b598b89b4bb0420d93a3d3e42e137409011be \
    --hash=sha256:619799369eeef6366ed3e8755a5670f4f2f0fb6b30a0fd7264dc0fdc2357058e \
    --hash=sha256:62588a277bfb59def052abd940703fa35107152bf479781a878617d60faf8fb5 \
    --hash=sha256:7e841fb9010836c992c9f12fcbd43a831de93a5f726fc1ccd8ca1d0268c5014c \
    --hash=sha256:838dcc90063569a0448120554591a1d6c4a4ffe11babf048908793154ab86ade \
    --hash=sha256:8a893cc101149f80a653f82062ebc95b34525a2614382e1da5458fe7c6997249 \
    --hash=sha256:9373ad13ef0d2c0fb761e04e55bfdee5a08b52cef2c882c8fbe9935b1517152e \
    --hash=sha256:9b7f416ff0978e2f2249330527f0ad6fa02f4932e6199692d3b52da2048c19e4 \
    --hash=sha256:9cae88599c7219005d879f98e5ed53341e9a122af585e1091200358a3003d2a0 \
    --hash=sha256:9f56f72050826f63dcee7a7f55b0a77168cb3bfc553fd405e7f8f9ece75a4036 \
    --hash=sha256:b6b751274acb69d77b3323d6b7dbaa3c7fdfc1eb829b7eb61d262f32e1af9685 \
    --hash=sha256:b736353c0a625bbd5fcec108576e2385db3496f4f771f785ff32e108d3c3bc45 \
    --hash=sha256:c6708715abcf3c73b99508253e961a9967f02fe536532834149574eda6de0d1c \
    --hash=sha256:d19fbd981a488e22cd04883659ca6b08f50b5974f9fd7c95655ef6a043e5893f \
    --hash=sha256:ddf19c062bea7a0cc80f519243d2c01dd091be0cf952a0750d4ad576709559f5 \
    --hash=sha256:f5833ad231be5eb6553de524a70f48d71b2c8563101750531e0b80184e175cd4
    # via
    #   aiohttp
    #   requests
click==8.5.0 \
    --hash=sha256:255bc9599cf7748b4b1a446ccc735421bd08a2ae529a8b88597d3de5664ee360 \
    --hash=sha256:ba0d2089de75ea0310e2dde03160e6ca10009947fb95a182f9b54021bb272e34
    # via uvicorn
cloudpickle==3.1.2 \
    --hash=sha256:7fda9eb655c9c230dab534f1983763de5835249750e85fbcef43aaa30a9a2414 \
    --hash=sha256:9acb47f6afd73f60dc1df93bb801b472f05ff42fa6c84167d25cb206be1fbf4a
    # via knowledge-dbgpt-agent
colorama==0.4.6 \
    --hash=sha256:08695f5cb7ed6e0531a20572697297273c47b8cae5a63ffc6d6ed5c201be6e44 \
    --hash=sha256:4f1d9991f5acc0ca119f9d443620b77f9d6b33703e51011c16baf57afb285fc6
    # via knowledge-dbgpt-agent
dbgpt==0.8.2 \
    --hash=sha256:0552efde2c43a77a460936906cda36a0f7ccfabbc2f8d5b4d2b932e9a8767b5b \
    --hash=sha256:54e6b115521eb711ec04eddbd4d436a326c87e3644d643a7a8a904bb454a9b83
    # via
    #   dbgpt-ext
    #   knowledge-dbgpt-agent
dbgpt-ext==0.8.2 \
    --hash=sha256:35ff1ad3e92ad1c5bd628ae805ff19a27d554a14f6f52522c3fc8b84744a0319 \
    --hash=sha256:537a2b8cc8f6d33fe9816010e5e62e732b0d4d1f506070c6735f776a21fec2fa
    # via knowledge-dbgpt-agent
exceptiongroup==1.3.1 \
    --hash=sha256:8b412432c6055b0b7d14c310000ae93352ed6754f70fa8f7c34141f91c4e3219 \
    --hash=sha256:a7a39a3bd276781e98394987d3a5701d0c4edffb633bb7a5144577f82c773598
    # via anyio
fastapi==0.112.4 \
    --hash=sha256:6d4f9c3301825d4620665cace8e2bc34e303f61c05a5382d1d61a048ea7f2f37 \
    --hash=sha256:b1f72e1f72afe7902ccd639ba320abb5d57a309804f45c10ab0ce3693cadeb33
    # via knowledge-dbgpt-agent
frozenlist==1.8.0 \
    --hash=sha256:0c18a16eab41e82c295618a77502e17b195883241c563b00f0aa5106fc4eaa0d \
    --hash=sha256:13d23a45c4cebade99340c4165bd90eeb4a56c6d8a9d8aa49568cac19a6d0dc4 \
    --hash=sha256:20e63c9493d33ee48536600d1a5c95eefc870cd71e7ab037763d1fbb89cc51e7 \
    --hash=sha256:3ede829ed8d842f6cd48fc7081d7a41001a56f1f38603f9d49bf3020d59a31ad \
    --hash=sha256:42145cd2748ca39f32801dad54aeea10039da6f86e303659db90db1c4b614c8c \
    --hash=sha256:667c3777ca571e5dbeb76f331562ff98b957431df140b54c85fd4d52eea8d8f6 \
    --hash=sha256:799345ab092bee59f01a915620b5d014698547afd011e691a208637312db9186 \
    --hash=sha256:80f85f0a7cc86e7a54c46d99c9e1318ff01f4687c172ede30fd52d19d1da1c8e \
    --hash=sha256:8a76ea0f0b9dfa06f254ee06053d93a600865b3274358ca48a352ce4f0798450 \
    --hash=sha256:a88f062f072d1589b7b46e951698950e7da00442fc1cacbe17e19e025dc327ad \
    --hash=sha256:adbeebaebae3526afc3c96fad434367cafbfd1b25d72369a9e5858453b1bb71a \
    --hash=sha256:b37f6d31b3dcea7deb5e9696e529a6aa4a898adc33db82da12e4c60a7c4d2011 \
    --hash=sha256:c23c3ff005322a6e16f71bf8692fcf4d5a304aaafe1e262c98c6d4adc7be863e \
    --hash=sha256:c7366fe1418a6133d5aa824ee53d406550110984de7637d65a178010f759c6ef \
    --hash=sha256:e2de870d16a7a53901e41b64ffdf26f2fbb8917b3e6ebf398098d72c5b20bd7f \
    --hash=sha256:e4a3408834f65da56c83528fb52ce7911484f0d1eaf7b761fc66001db1646eff \
    --hash=sha256:ef2b7b394f208233e471abc541cc6991f907ffd47dc72584acee3147899d6565 \
    --hash=sha256:f57fb59d9f385710aa7060e89410aeb5058b99e62f4d16b08b91986b9a2140c2
    # via
    #   aiohttp
    #   aiosignal
greenlet==3.5.6 \
    --hash=sha256:128813fc29f2336a21b4d06eedd5e16bcc7ea46f59e9ff1cb30ea70e48195d88 \
    --hash=sha256:874cea8bb1ec1ddccbacbd027856f6bf496f6bc18aba97a918c20e067edab236 \
    --hash=sha256:8e67c43bdfc88d5fee6db0d3e40175b362fc95fb85f0412d233b9b203c53a575 \
    --hash=sha256:95e7c44d072db623a1aab04ce488cf9533294a77ed9d072cd503a3596f4106ac \
    --hash=sha256:a364c1ea75dc51b83a17f52fe0c79cf8bc4ddf740403bebd4581c7666eea017d \
    --hash=sha256:b7d501d5eb5d4f67207df364752ad697465b834268744be7581c18d81d35d41d \
    --hash=sha256:dad3d233d441a022c1f7155f0fb9d5aff7b97c1ea8c7dfa02cce586b16ab2d0b \
    --hash=sha256:eed88b64a5e5da72d6a71cdc5aaeefaa5ced9b748f8d19f89800b339961dad39
    # via sqlalchemy
h11==0.16.0 \
    --hash=sha256:4e35b956cf45792e4caa5885e69fba00bdbc6ffafbfa020300e549b208ee5ff1 \
    --hash=sha256:63cf8bbe7522de3bf65932fda1d9c2772064ffb3dae62d55932da54b31cb6c86
    # via
    #   httpcore
    #   uvicorn
httpcore==1.0.9 \
    --hash=sha256:2d400746a40668fc9dec9810239072b40b4484b640a8c38fd654a024c7a1bf55 \
    --hash=sha256:6e34463af53fd2ab5d807f399a9b45ea31c3dfa2276f15a2c3f00afff6e176e8
    # via httpx
httpx==0.28.1 \
    --hash=sha256:75e98c5f16b0f35b567856f597f06ff2270a374470a5c2392242528e3e3e42fc \
    --hash=sha256:d909fcccc110f8c7faf814ca82a9a4d816bc5a6dbfea25d6591d6985b8ba59ad
    # via
    #   knowledge-dbgpt-agent
    #   mcp
httpx-sse==0.4.3 \
    --hash=sha256:0ac1c9fe3c0afad2e0ebb25a934a59f4c7823b60792691f779fad2c5568830fc \
    --hash=sha256:9b1ed0127459a66014aec3c56bebd93da3c1bc8bb6618c8082039a44889a755d
    # via mcp
idna==3.20 \
    --hash=sha256:a7db850025b95ded1eae8a46181a1a6c56c92c96f0e2b005d9ff8dc0210cab44 \
    --hash=sha256:ab7ae7122974553370f0bdb919e1a960b2cd1bc1ef0276416d896db81c14582c
    # via
    #   anyio
    #   httpx
    #   requests
    #   yarl
importlib-resources==5.12.0 \
    --hash=sha256:4be82589bf5c1d7999aedf2a45159d10cb3ca4f19b2271f8792bc8e6da7b22f6 \
    --hash=sha256:7b1deeebbf351c7578e09bf2f63fa2ce8b5ffec296e0d349139d43cca061a81a
    # via dbgpt
jinja2==3.1.6 \
    --hash=sha256:0137fb05990d35f1275a587e9aee6d56da821fc83491a0fb838183be43f66d6d \
    --hash=sha256:85ece4451f492d0c13c5dd7c13a64681a86afae63a5f347908daf103ce6d2f67
    # via knowledge-dbgpt-agent
jsonschema==4.26.0 \
    --hash=sha256:0c26707e2efad8aa1bfc5b7ce170f3fccc2e4918ff85989ba9ffa9facb2be326 \
    --hash=sha256:d489f15263b8d200f8387e64b4c3a75f06629559fb73deb8fdfb525f2dab50ce
    # via mcp
jsonschema-specifications==2025.9.1 \
    --hash=sha256:98802fee3a11ee76ecaca44429fda8a41bff98b00a0f2838151b113f210cc6fe \
    --hash=sha256:b540987f239e745613c7a9176f3edb72b832a4ac465cf02712288397832b5e8d
    # via jsonschema
markdown-it-py==4.2.0 \
    --hash=sha256:04a21681d6fbb623de53f6f364d352309d4094dd4194040a10fd51833e418d49 \
    --hash=sha256:9f7ebbcd14fe59494226453aed97c1070d83f8d24b6fc3a3bcf9a38092641c4a
    # via rich
markupsafe==3.0.4 \
    --hash=sha256:0764a13d34cae40db7bbf3a09b7e9b491bf4603e20b263a7a9d6b8e324975d0a \
    --hash=sha256:2a6ef68ae94aed8721934072b27a3b654ea2100b97e4ab864cf1489c90926fbc \
    --hash=sha256:2e9ad7dd851bf45fab9f75cbff4cb493fee9979e8d8c7c9c3ee119022518edd6 \
    --hash=sha256:3d23795802fc8bd72534836d64489bbf0f67c088959091bdb22e10735a5107bf \
    --hash=sha256:4a540e2d3192792fc84eced57bef37851ccb2b41f73291bb17408eea77bcd278 \
    --hash=sha256:5c22873ad1f0532ba40fa1727f3c0fc1bbbaab6d373d4cbe3f0dc74b2e2521c7 \
    --hash=sha256:8698d70a8081ee8c090dbb394768b5789a1da8b131b5499f89d071dd3cfaf6be \
    --hash=sha256:88d59b473bfb03259722600839af9bbd7fa13a2eb514beefeedb95997882f69a \
    --hash=sha256:9388003072b95f2f1e3fd908604194d653ba21330d811961a78b7da1a77e9e36 \
    --hash=sha256:9438a2648b2195980cb2dd8e53ed7b8df91319e2d0b70ae61a9e1d1bc8d3bec9 \
    --hash=sha256:bf053da3c97a4bc5ecfbb218cdd2983febd91c617be8367d139882aa11e490aa \
    --hash=sha256:cf63c214fe879a65e69a386f915e36104fc84254ab141240f8854602d8e0be2a \
    --hash=sha256:d1aca03ede943eb80ab3d63bb082c84b7aab85ea83bd0fd0c200260945fb49d9 \
    --hash=sha256:dd8ea6ebee7aedbf7c749fa80521d9ccf1ba473e0d1e14805caafbaad281c889 \
    --hash=sha256:dff05cb7016dff1e9fd68f4122c127b65dfc59de5306cfb7ad92f956f230bee2 \
    --hash=sha256:fd9f8797427910198f95bced71ddfed61130d7e349213bfb8466c9c99e2c46a8
    # via jinja2
mcp==1.16.0 \
    --hash=sha256:39b8ca25460c578ee2cdad33feeea122694cfdf73eef58bee76c42f6ef0589df \
    --hash=sha256:ec917be9a5d31b09ba331e1768aa576e0af45470d657a0319996a20a57d7d633
    # via
    #   dbgpt
    #   knowledge-dbgpt-agent
mdurl==0.1.2 \
    --hash=sha256:84008a41e51615a49fc9966191ff91509e3c40b939176e643fd50a5c2196b8f8 \
    --hash=sha256:bb413d29f5eea38f31dd4754dd7377d4465116fb207585f97bf925588687c1ba
    # via markdown-it-py
msgpack==1.1.2 \
    --hash=sha256:0051fffef5a37ca2cd16978ae4f0aef92f164df86823871b5162812bebecd8e2 \
    --hash=sha256:354e81bcdebaab427c3df4281187edc765d5d76bfb3a7c125af9da7a27e8458f \
    --hash=sha256:365c0bbe981a27d8932da71af63ef86acc59ed5c01ad929e09a0b88c6294e28a \
    --hash=sha256:3b60763c1373dd60f398488069bcdc703cd08a711477b5d480eecc9f9626f47e \
    --hash=sha256:41d1a5d875680166d3ac5c38573896453bbbea7092936d2e107214daf43b1d4f \
    --hash=sha256:8b696e83c9f1532b4af884045ba7f3aa741a63b2bc22617293a2c6a7c645f251 \
    --hash=sha256:a605409040f2da88676e9c9e5853b3449ba8011973616189ea5ee55ddbc5bc87 \
    --hash=sha256:db6192777d943bdaaafb6ba66d44bf65aa0e9c5616fa1d2da9bb08828c6b39aa \
    --hash=sha256:e64c8d2f5e5d5fda7b842f55dec6133260ea8f53c4257d64494c534f306bf7a9
    # via knowledge-dbgpt-agent
multidict==6.9.1 \
    --hash=sha256:02f6d0c4b70f783305e73f9944d8efe6be1022550f0974ba0ae9d8893c0350fa \
    --hash=sha256:02fe09dc197b8ae7e355371e51e5dce2f39060cd5a8badf94904527e23a3f188 \
    --hash=sha256:0f06e60fa190aa7abd0914c2a766736fdc8e9f34878c4346338534b73d1b20e2 \
    --hash=sha256:1c9f3c25df6c9d3bbae4f6fd3f514b1c5c740a2110f56ccf36069c85417e289c \
    --hash=sha256:1ca5ebe6d454f1e5496cf052386a559f1080bf2de75bf327ebca0a6003b79f19 \
    --hash=sha256:4736d350371337825cac1793c9f7c40701c32a03912548c2a7608e51679cbb96 \
    --hash=sha256:66987aa68b0f7c2a1cc5f388ca962b8ed92b10f79de38d6d0d8c716154f519d9 \
    --hash=sha256:73533644e1f69ea1164d56cc6505f564c6c44072b646b66d67df2d31fed0348c \
    --hash=sha256:7bf6478188f4e47bf5686e8a33da4ae28bf43b1b2528d9ee144d28492bfac60b \
    --hash=sha256:8050e75af7e4c6e2d5260b84eeedb618f3e452e66473432e085b5d1b81429299 \
    --hash=sha256:8885e3808aedbd6725b921fb67dacaae0678933561ddd47c2b01315198c70e2e \
    --hash=sha256:8ed78ccad4c7b421804f5d524b7740946a7ef75d89dc0dac52e9d7c24c472410 \
    --hash=sha256:a32b78c1e52ebd8e247bb68300b90b233300d8816faa008ed0713bc539fb6af0 \
    --hash=sha256:ab64ace1a68682d191d9bedd9d4c939406ad86b1d9f628180410644249ad46c2 \
    --hash=sha256:ad4528cdce058b684f75fad1faf4a6a6c992fe2f08376370ca66e4ce5916a84a \
    --hash=sha256:aef74e9beabbd6c4aafc091dabff86d046ccf013ce1e4396c0fbb01b4cad9de8 \
    --hash=sha256:bc94a68ea5e18f8e85dc6b522bcb53093f692c8eb62b4837ac047da73956cbe4 \
    --hash=sha256:c9648ed33dc8179e4ec04bbc73bd7f0038e1e81217a69467f61f02a78bf07e88 \
    --hash=sha256:cf22b43f35b7dbb9f71e8ee2041b5c00029cdfc28ede3a2f31cf8906f9a6c126 \
    --hash=sha256:d3b6e6840421c83ccb60398e333b44f910b0907bb409597685ab2eedd1e22eab \
    --hash=sha256:d9d6544790ba50438a9c1a903c3c4afb1ec8a7832db5518549275b40ef0dd4b1 \
    --hash=sha256:e3b1aa25f01238886a6baed9e13b9a9240ed344346c79ae280ae65e8603b21d5
    # via
    #   aiohttp
    #   yarl
mypy-extensions==1.1.0 \
    --hash=sha256:1be4cccdb0f2482337c4743e60421de3a356cd97508abadd57d47403e94f5505 \
    --hash=sha256:52e68efc3284861e772bbcd66823fde5ae21fd2fdb51c62a211403730b916558
    # via typing-inspect
numpy==1.26.4 \
    --hash=sha256:2a02aba9ed12e4ac4eb3ea9421c420301a0c6460d9830d74a9df87efa4912010 \
    --hash=sha256:2e4ee3380d6de9c9ec04745830fd9e2eccb3e6cf790d39d7b98ffd19b0dd754a \
    --hash=sha256:62b8e4b1e28009ef2846b4c7852046736bab361f7aeadeb6a5b89ebec3c7055a \
    --hash=sha256:9ff0f4f29c51e2803569d7a51c2304de5554655a60c5d776e35b4a41413830d0 \
    --hash=sha256:a4abb4f9001ad2858e7ac189089c42178fcce737e4169dc61321660f1a96c7d2 \
    --hash=sha256:b97fe8060236edf3662adfc2c633f56a08ae30560c56310562cb4f95500022d5 \
    --hash=sha256:bfe25acf8b437eb2a8b2d49d443800a5f18508cd811fea3181723922a8a82b07 \
    --hash=sha256:d209d8969599b27ad20994c8e41936ee0964e6da07478d6c35016bc386b66ad4 \
    --hash=sha256:ffa75af20b44f8dba823498024771d5ac50620e6915abac414251bd971b4529f
    # via
    #   dbgpt
    #   pandas
pandas==2.2.3 \
    --hash=sha256:1948ddde24197a0f7add2bdc4ca83bf2b1ef84a1bc8ccffd95eda17fd836ecb5 \
    --hash=sha256:37e0aced3e8f539eccf2e099f65cdb9c8aa85109b0be6e93e2baff94264bdc6f \
    --hash=sha256:381175499d3802cde0eabbaf6324cce0c4f5d52ca6f8c377c29ad442f50f6348 \
    --hash=sha256:4f18ba62b61d7e192368b84517265a99b4d7ee8912f8708660fb4a366cc82667 \
    --hash=sha256:56534ce0746a58afaf7942ba4863e0ef81c9c50d3f0ae93e9497d6a41a057645 \
    --hash=sha256:86976a1c5b25ae3f8ccae3a5306e443569ee3c3faf444dfd0f41cda24667ad57 \
    --hash=sha256:b8661b0238a69d7aafe156b7fa86c44b881387509653fdf857bebc5e4008ad42 \
    --hash=sha256:d9c45366def9a3dd85a6454c0e7908f2b3b8e9c138f5dc38fed7ce720d8453ed
    # via dbgpt
propcache==0.5.4 \
    --hash=sha256:141fdbd73748db0cf7636035030aaac383d2efde8f34e7bc24594cc776d225b8 \
    --hash=sha256:146f48a9e4812611a7581003b1a39de56c34967046310c4171a68ef908c9a745 \
    --hash=sha256:1783582065a1f07f9d9ee1e992e13f15d7dc8fb1eb3a7476d43eb3f2e69d26bb \
    --hash=sha256:279655a16973f1ee2bd2fe79973137681642fd9ae0d89215bba263726eb0dc3a \
    --hash=sha256:3d605bb239b796e82a81c6709548b2bd460ab73b4590cb0c83de8a2dd9694d0f \
    --hash=sha256:62c60aec739ed00124573cce1178138fd690c7676352d67a37328c1cf51d7468 \
    --hash=sha256:6c7599df2b57ebeea8de011b5f2f7b85de95e76037d43d34b95e328430275487 \
    --hash=sha256:8f911c395cef73c510bac566da9507bb6a43e7763d0c79138dc60ee53f11207e \
    --hash=sha256:9f3551b8a35c1df3e7ea4d2d86edee15f0dde1bddd434a71744048683544d0ef \
    --hash=sha256:b77c313314524ca9c38fbd70f73515d04597ac58c40c939bc0e71eeb4abff680 \
    --hash=sha256:c9281e922c072158c91974d4589f1dbe0fee6d467f284c28e463f9f5a4d933f4 \
    --hash=sha256:d83b12902eb8bce151259c86c03ba746600b2d994543de46e370cecf96c452f2 \
    --hash=sha256:d8e017eeb7482bed34cdb0d61cf2bcfc88d104bbab296a17cd16a6af8aabc70e \
    --hash=sha256:e9f165403b81fea7e89c932d89046a1e3d9a3a60e8d7ef2f249dccdcb0982bf5 \
    --hash=sha256:ec6a85f424afa8d23e0d9a094e5dbb6eda01da91c92b9183cd433768247ffc97 \
    --hash=sha256:f273dcf7149a50527c4fd1f55cfe9eac0f60753f5af544b4c9352578e20c0874 \
    --hash=sha256:f574e460d1c8a08384a016fdb09ccf3543433263ed6b2f97104f979e64ea57c2 \
    --hash=sha256:fc2461ecc45f17893f8207e73b46ea8ba93e33630e51cf4af3fbc21d47462b1a \
    --hash=sha256:ff6b113f50bc066a698db5d944d2c6dc7507168dd3341e255a8892fd0715a558
    # via yarl
psutil==7.1.0 \
    --hash=sha256:09ad740870c8d219ed8daae0ad3b726d3bf9a028a198e7f3080f6a1888b99bca \
    --hash=sha256:22e4454970b32472ce7deaa45d045b34d3648ce478e26a04c7e858a0a6e75ff3 \
    --hash=sha256:57f5e987c36d3146c0dd2528cd42151cf96cd359b9d67cfff836995cc5df9a3d \
    --hash=sha256:5d007560c8c372efdff9e4579c2846d71de737e4605f611437255e81efcca2c5 \
    --hash=sha256:655708b3c069387c8b77b072fc429a57d0e214221d01c0a772df7dfedcb3bcd2 \
    --hash=sha256:6937cb68133e7c97b6cc9649a570c9a18ba0efebed46d8c5dae4c07fa1b67a07 \
    --hash=sha256:76168cef4397494250e9f4e73eb3752b146de1dd950040b29186d0cce1d5ca13 \
    --hash=sha256:7d4a113425c037300de3ac8b331637293da9be9713855c4fc9d2d97436d7259d \
    --hash=sha256:8c70e113920d51e89f212dd7be06219a9b88014e63a4cec69b684c327bc474e3
    # via knowledge-dbgpt-agent
pydantic==2.11.9 \
    --hash=sha256:6b8ffda597a14812a7975c90b82a8a2e777d9257aba3453f973acd3c032a18e2 \
    --hash=sha256:c42dd626f5cfc1c6950ce6205ea58c93efa406da65f479dcb4029d5934857da2
    # via
    #   dbgpt
    #   fastapi
    #   knowledge-dbgpt-agent
    #   mcp
    #   pydantic-settings
pydantic-core==2.33.2 \
    --hash=sha256:0069c9acc3f3981b9ff4cdfaf088e98d83440a4c7ea1bc07460af3d4dc22e72d \
    --hash=sha256:031c57d67ca86902726e0fae2214ce6770bbe2f710dc33063187a68744a5ecac \
    --hash=sha256:0405262705a123b7ce9f0b92f123334d67b70fd1f20a9372b907ce1080c7ba02 \
    --hash=sha256:0a39979dcbb70998b0e505fb1556a1d550a0781463ce84ebf915ba293ccb7e22 \
    --hash=sha256:0e03262ab796d986f978f79c943fc5f620381be7287148b8010b4097f79a39ec \
    --hash=sha256:0e5b2671f05ba48b94cb90ce55d8bdcaaedb8ba00cc5359f6810fc918713983d \
    --hash=sha256:1a8695a8d00c73e50bff9dfda4d540b7dee29ff9b8053e38380426a85ef10052 \
    --hash=sha256:2058a32994f1fde4ca0480ab9d1e75a0e8c87c22b53a3ae66554f9af78f2fe8c \
    --hash=sha256:2b3d326aaef0c0399d9afffeb6367d5e26ddc24d351dbc9c636840ac355dc5d8 \
    --hash=sha256:4b25d91e288e2c4e0662b8038a28c6a07eaac3e196cfc4ff69de4ea3db992a1b \
    --hash=sha256:5c4aa4e82353f65e548c476b37e64189783aa5384903bfea4f41580f255fddfa \
    --hash=sha256:6bdfe4b3789761f3bcb4b1ddf33355a71079858958e3a552f16d5af19768fef2 \
    --hash=sha256:73662edf539e72a9440129f231ed3757faab89630d291b784ca99237fb94db2b \
    --hash=sha256:7cb8bc3605c29176e1b105350d2e6474142d7c1bd1d9327c4a9bdb46bf827acc \
    --hash=sha256:87b31b6846e361ef83fedb187bb5b4372d0da3f7e28d85415efa92d6125d6e6d \
    --hash=sha256:a11c8d26a50bfab49002947d3d237abe4d9e4b5bdc8846a63537b6488e197808 \
    --hash=sha256:aa9d91b338f2df0508606f7009fde642391425189bba6d8c653afd80fd6bb64e \
    --hash=sha256:b0379a2b24882fef529ec3b4987cb5d003b9cda32256024e6fe1586ac45fc640 \
    --hash=sha256:d53b22f2032c42eaaf025f7c40c2e3b94568ae077a606f006d206a463bc69572 \
    --hash=sha256:d946c8bf0d5c24bf4fe333af284c59a19358aa3ec18cb3dc4370080da1e8ad29 \
    --hash=sha256:efec8db3266b76ef9607c2c4c419bdb06bf335ae433b80816089ea7585816f6a \
    --hash=sha256:f8de619080e944347f5f20de29a975c2d815d9ddd8be9b9b7268e2e3ef68605a \
    --hash=sha256:fa754d1850735a0b0e03bcffd9d4b4343eb417e47196e4485d9cca326073a42c
    # via pydantic
pydantic-settings==2.10.1 \
    --hash=sha256:06f0062169818d0f5524420a360d632d5857b83cffd4d42fe29597807a1614ee \
    --hash=sha256:a60952460b99cf661dc25c29c0ef171721f98bfcb52ef8d9ea4c943d7c8cc796
    # via
    #   knowledge-dbgpt-agent
    #   mcp
pygments==2.21.0 \
    --hash=sha256:2363c69b61c4a97c838da3b130dcd6468f4848992b21a82f2a63ec34377137d9 \
    --hash=sha256:610ca751c9bc2492b38eb9a38a7fbc93edbbb2d7182edaf34e66ae493dee5c8c
    # via rich
pymysql==1.2.3 \
    --hash=sha256:14f1c68e2ed859243ae5ca41ffbe677027fc46bc136a9f0be8a4e928e5e7415a \
    --hash=sha256:d5b288529782e536ae171866df3ca9dc4f6cbfb3cc2f18e6f837fbb90dbc262b
    # via dbgpt-ext
python-dateutil==2.9.0.post0 \
    --hash=sha256:37dd54208da7e1cd875388217d5e00ebd4179249f90fb72437e91a35459a0ad3 \
    --hash=sha256:a8b2bc7bffae282281c8140a97d3aa9c14da0b136dfe83f850eea9a5f7470427
    # via pandas
python-dotenv==1.2.4 \
    --hash=sha256:42269a8a5b3fd54ffa6f3d84b18abed50064717576b4ecf03dc4a55d8aa04fdc \
    --hash=sha256:f0d53e69935a851c0dcc78f3ab7aaccd8cabef0b92382b576b824212902873c0
    # via pydantic-settings
python-multipart==0.0.32 \
    --hash=sha256:be54b7f3fa167bb83e4fcd936b887b708f4e57fe75911c02aebf53efaf8d938e \
    --hash=sha256:ff6d3f776f16878c894e52e107296ffc890e913c611b1a4ec6c44e2821fe2e23
    # via mcp
pytz==2026.5 \
    --hash=sha256:e658af3757f9e26a9d25dd2aff38335acd92bc9104f890a894b2c1ba28311b03 \
    --hash=sha256:fa23724b9c486543b9ff54a327ee7569ac83ade54bb9afd0fc18676620401c86
    # via pandas
referencing==0.37.0 \
    --hash=sha256:381329a9f99628c9069361716891d34ad94af76e461dcb0335825aecc7692231 \
    --hash=sha256:44aefc3142c5b842538163acb373e24cce6632bd54bdb01b21ad5863489f50d8
    # via
    #   jsonschema
    #   jsonschema-specifications
requests==2.32.5 \
    --hash=sha256:2462f94637a34fd532264295e186976db0f5d453d1cdd31473c85a6a161affb6 \
    --hash=sha256:dbba0bac56e100853db0ea71b82b4dfd5fe2bf6d3754a8893c3af500cec7d7cf
    # via knowledge-dbgpt-agent
rich==14.2.0 \
    --hash=sha256:73ff50c7c0c1c77c8243079283f4edb376f0f6442433aecb8ce7e6d0b92d1fe4 \
    --hash=sha256:76bc51fe2e57d2b1be1f96c524b890b816e334ab4c1e45888799bfaab0021edd
    # via knowledge-dbgpt-agent
rpds-py==0.30.0 \
    --hash=sha256:0c0e95f6819a19965ff420f65578bacb0b00f251fefe2c8b23347c37174271f3 \
    --hash=sha256:1726859cd0de969f88dc8673bdd954185b9104e05806be64bcd87badbe313169 \
    --hash=sha256:32c8528634e1bf7121f3de08fa85b138f4e0dc47657866630611b03967f041d7 \
    --hash=sha256:389a2d49eded1896c3d48b0136ead37c48e221b391c052fba3f4055c367f60a6 \
    --hash=sha256:4cc2206b76b4f576934f0ed374b10d7ca5f457858b157ca52064bdfc26b9fc00 \
    --hash=sha256:679ae98e00c0e8d68a7fda324e16b90fd5260945b45d3b824c892cec9eea3288 \
    --hash=sha256:67b02ec25ba7a9e8fa74c63b6ca44cf5707f2fbfadae3ee8e7494297d56aa9df \
    --hash=sha256:6de2a32a1665b93233cde140ff8b3467bdb9e2af2b91079f0333a0974d12d464 \
    --hash=sha256:7c64d38fb49b6cdeda16ab49e35fe0da2e1e9b34bc38bd78386530f218b37139 \
    --hash=sha256:858738e9c32147f78b3ac24dc0edb6610000e56dc0f700fd5f651d0a0f0eb9ff \
    --hash=sha256:a452763cc5198f2f98898eb98f7569649fe5da666c2dc6b5ddb10fde5a574221 \
    --hash=sha256:da279aa314f00acbb803da1e76fa18666778e8a8f83484fba94526da5de2cba7 \
    --hash=sha256:dd8ff7cf90014af0c0f787eea34794ebf6415242ee1d6fa91eaba725cc441e84 \
    --hash=sha256:e0b65193a413ccc930671c55153a03ee57cecb49e6227204b04fae512eb657a7 \
    --hash=sha256:f207f69853edd6f6700b86efb84999651baf3789e78a466431df1331608e5324
    # via
    #   jsonschema
    #   referencing
shortuuid==1.0.13 \
    --hash=sha256:3bb9cf07f606260584b1df46399c0b87dd84773e7b25912b7e391e30797c5e72 \
    --hash=sha256:a482a497300b49b4953e15108a7913244e1bb0d41f9d332f5e9925dba33a3c5a
    # via knowledge-dbgpt-agent
six==1.17.0 \
    --hash=sha256:4721f391ed90541fddacab5acf947aa0d3dc7d27b2e1e8eda2be8970586c3274 \
    --hash=sha256:ff70335d468e7eb6ec65b95b99d3a2836546063f63acc5171de367e834932a81
    # via python-dateutil
snowflake-id==1.0.2 \
    --hash=sha256:4a4cd49508599aaa16488311f4b9121e9ac3bac57edff3e9f71b1d79086dbfe8 \
    --hash=sha256:c3142752ed334b9d4632739a704461d13e97aa6fa71b65d5329829b4b5cc058c
    # via dbgpt
sqlalchemy==2.0.28 \
    --hash=sha256:4a5adf383c73f2d49ad15ff363a8748319ff84c371eed59ffd0127355d6ea1da \
    --hash=sha256:56856b871146bfead25fbcaed098269d90b744eea5cb32a952df00d542cdd368 \
    --hash=sha256:5da98815f82dce0cb31fd1e873a0cb30934971d15b74e0d78cf21f9e1b05953f \
    --hash=sha256:78bb7e8da0183a8301352d569900d9d3594c48ac21dc1c2ec6b3121ed8b6c986 \
    --hash=sha256:943aa74a11f5806ab68278284a4ddd282d3fb348a0e96db9b42cb81bf731acdc \
    --hash=sha256:bbda76961eb8f27e6ad3c84d1dc56d5bc61ba8f02bd20fcf3450bd421c2fcc9c \
    --hash=sha256:c6c4da4843e0dabde41b8f2e8147438330924114f541949e6318358a56d1875a \
    --hash=sha256:dd53b6c4e6d960600fd6532b79ee28e2da489322fcf6648738134587faf767b6 \
    --hash=sha256:e0b148ab0438f72ad21cb004ce3bdaafd28465c4276af66df3b9ecd2037bf252 \
    --hash=sha256:feea693c452d85ea0015ebe3bb9cd15b6f49acc1a31c28b3c50f4db0f8fb1e71
    # via knowledge-dbgpt-agent
sqlparse==0.4.4 \
    --hash=sha256:5430a4fe2ac7d0f93e66f1efc6e1338a41884b7ddf2a350cedd20ccc4d9d28f3 \
    --hash=sha256:d446183e84b8349fa3061f0fe7f06ca94ba65b426946ffebe6e3e8295332420c
    # via knowledge-dbgpt-agent
sse-starlette==3.0.3 \
    --hash=sha256:88cfb08747e16200ea990c8ca876b03910a23b547ab3bd764c0d8eb81019b971 \
    --hash=sha256:af5bf5a6f3933df1d9c7f8539633dc8444ca6a97ab2e2a7cd3b6e431ac03a431
    # via mcp
starlette==0.38.6 \
    --hash=sha256:4517a1409e2e73ee4951214ba012052b9e16f60e90d73cfb06192c19203bbb05 \
    --hash=sha256:863a1588f5574e70a821dadefb41e4881ea451a47a3cd1b4df359d4ffefe5ead
    # via
    #   fastapi
    #   mcp
tenacity==8.3.0 \
    --hash=sha256:3649f6443dbc0d9b01b9d8020a9c4ec7a1ff5f6f3c6c8a036ef371f573fe9185 \
    --hash=sha256:953d4e6ad24357bceffbc9707bc74349aca9d245f68eb65419cf0c249a1949a2
    # via knowledge-dbgpt-agent
termcolor==3.3.0 \
    --hash=sha256:348871ca648ec6a9a983a13ab626c0acce02f515b9e1983332b17af7979521c5 \
    --hash=sha256:cf642efadaf0a8ebbbf4bc7a31cec2f9b5f21a9f726f4ccbb08192c9c26f43a5
    # via dbgpt
tomli==2.5.0 \
    --hash=sha256:264507556cd8b8c8e7c6ee037cdf443a463f03f4c958e57195e3d369711b8ff6 \
    --hash=sha256:32a7b79ac57a2e83670ce329ccf675798bc5a2094783a63676866b70503f2e2b
    # via dbgpt
typeguard==4.6.0 \
    --hash=sha256:79878165bb86f2cf5d41d159a0ff1792a796cf496882d2fe1b1c6c7049b9cdd7 \
    --hash=sha256:e7414f09111317de3e335de92cd397c5c0ca00b1cc1676de12e1d444a79b3f21
    # via dbgpt
typing-extensions==4.16.0 \
    --hash=sha256:481caa481374e813c1b176ada14e97f1f67a4539ce9cfeb3f350d78d6370c2e8 \
    --hash=sha256:dc983d19a509c94dba722ee6abd33940f7c05a89e243c47e907eb4db6f1a43e5
    # via
    #   aiosignal
    #   anyio
    #   exceptiongroup
    #   fastapi
    #   multidict
    #   pydantic
    #   pydantic-core
    #   referencing
    #   sqlalchemy
    #   typeguard
    #   typing-inspect
    #   typing-inspection
    #   uvicorn
typing-inspect==0.9.0 \
    --hash=sha256:9ee6fc59062311ef8547596ab6b955e1b8aa46242d854bfc78f4f6b0eff35f9f \
    --hash=sha256:b23fc42ff6f6ef6954e4852c1fb512cdd18dbea03134f91f856a95ccc9461f78
    # via dbgpt
typing-inspection==0.4.4 \
    --hash=sha256:547274fa6b0a561ccf549cc9524b999a578e737d015d8709d021f9d0d13bea47 \
    --hash=sha256:65b8397ba37ccbce054456aaccddfc91e6e3083c92824df348d96ca832f3f147
    # via
    #   pydantic
    #   pydantic-settings
tzdata==2026.5 \
    --hash=sha256:8cc73c0a0bfca7dbfa59235d60b2eff82231dee33f53d206db1acd9173cfc0a7 \
    --hash=sha256:b683bd1b6659ddcd810ff02ad09ba821d4bf1065072805063eb35c49617905ac
    # via
    #   pandas
    #   tzlocal
tzlocal==5.4.4 \
    --hash=sha256:8dbb8660838688a7b6ba4fed31d18dedf842afb4d47ca050d6d891c2c15f3be4 \
    --hash=sha256:aae09f0126a8a86fa736be266eb4a471380d26a0de3bc14844e7821fee3e2a15
    # via apscheduler
urllib3==2.8.0 \
    --hash=sha256:0cf3cae568d36aa9576b28dfb35f11328f1cb974ca7647d9475ebb86c75ac6e3 \
    --hash=sha256:63bf2ead4c879426ebf22ef2a781eeb4aa3b4ae798a0435506f8687fd5bb9b63
    # via requests
uvicorn==0.34.3 \
    --hash=sha256:16246631db62bdfbf069b0645177d6e8a77ba950cfedbfd093acef9444e4d885 \
    --hash=sha256:35919a9a979d7a59334b6b10e05d77c1d0d574c50e0fc98b8b1a0f165708b55a
    # via
    #   knowledge-dbgpt-agent
    #   mcp
yarl==1.25.1 \
    --hash=sha256:03dd38de09bc213e9a8b29761eec33ee1d5318dac0e49d8af36e4d27830e23a7 \
    --hash=sha256:142c06c4d6a35ee3ec5da08499805e879cb3ca7c1fbfbecb0140fe72403818d6 \
    --hash=sha256:192a866877a49993949ef1975864ad8728bea28ee810f6abe1a0729c2b500426 \
    --hash=sha256:24ce942011a61953e7d313438038f4d32ff21387b775f58a957f7a07dd55ef95 \
    --hash=sha256:3f4d48a6112712973e676bd792121fee470e432d749177162d9949d5c9460a1b \
    --hash=sha256:48796ea00a303961507dc6c8437c4b325a6fc3f95f7c36c71b91ea9a8150963c \
    --hash=sha256:5df89f769cc8ff94c3d7e7603386fba309d25ce5240132d26c15baa8d0e96c4c \
    --hash=sha256:681c758b0490f9e96b78e5fa8e8dc6e648e9185bb6eaebe73183c33ea0c445f3 \
    --hash=sha256:683e362b8ba453080f7489c66f4ea794e751c35b72e7eab3575ef784c2fbc7fb \
    --hash=sha256:83e9f4a25085bd4b7214701a0794ff1f50fc633ffb8bdfebf07abdd81c2db126 \
    --hash=sha256:8ee202350cf57abf0e9502a41601841019c25d3db7ff52d980aaf31446254059 \
    --hash=sha256:9e23c82b63cd7652fc24d33ed6cc17099d607aa3b4fc4ddc75e95062f3d82df4 \
    --hash=sha256:a8c2b841478068440d8b733005d13a5ef535b9928cbc05f17182d410f32ba449 \
    --hash=sha256:b8075fe90bc08e40b8b8a1874fab42ee4c7b56af05c5886e9cc841397f916908 \
    --hash=sha256:ca32926d7d77bcc8838425c4c95e040a3ace1cb7dfdae599013458dcda2607ca \
    --hash=sha256:df23df54b5114a17c2d0ef192433e2e5a9f0c5178c32375e90b7cfc965f349d0 \
    --hash=sha256:e5637ca8d0bd7fb72648a6c7934af4baaccb697657f7438c9d264fc2abb8b0b1 \
    --hash=sha256:e636b64d24fd9c38053c5e389a1174c66361fa49dcfd220f4dd35b4abde7cb89 \
    --hash=sha256:f53dcd26694f148f738edc052b5a69234833e739f10f4c3287bdfd8ec0f7b326
    # via aiohttp
